
Microsoft Visual Studio Solution File, Format Version 12.00
# Visual Studio 15
VisualStudioVersion = 15.0.28307.489
MinimumVisualStudioVersion = 10.0.40219.1
Project("{FAE04EC0-301F-11D3-BF4B-00C04F79EFBC}") = "PhotonUnity", "PhotonUnityNetworking\PhotonUnity.csproj", "{ECFD1A1B-D43E-41B8-85FC-77A2FDC37F3B}"
EndProject
Project("{FAE04EC0-301F-11D3-BF4B-00C04F79EFBC}") = "HKMPMain", "HKMPMain\HKMPMain.csproj", "{4607F1ED-BE60-4377-B642-958175626BA4}"
EndProject
Project("{2150E333-8FDC-42A3-9474-1A3956D46DE8}") = "Solution", "Solution", "{E2A2BDC0-AC52-46F7-A97B-19F4D80A899C}"
ProjectSection(SolutionItems) = preProject
	SharedConfig.targets = SharedConfig.targets
	DevVars-template.targets = DevVars-template.targets
EndProjectSection
EndProject
Global
	GlobalSection(SolutionConfigurationPlatforms) = preSolution
		Debug|Any CPU = Debug|Any CPU
		Release|Any CPU = Release|Any CPU
	EndGlobalSection
	GlobalSection(ProjectConfigurationPlatforms) = postSolution
		{ECFD1A1B-D43E-41B8-85FC-77A2FDC37F3B}.Debug|Any CPU.ActiveCfg = Debug|Any CPU
		{ECFD1A1B-D43E-41B8-85FC-77A2FDC37F3B}.Debug|Any CPU.Build.0 = Debug|Any CPU
		{ECFD1A1B-D43E-41B8-85FC-77A2FDC37F3B}.Release|Any CPU.ActiveCfg = Release|Any CPU
		{ECFD1A1B-D43E-41B8-85FC-77A2FDC37F3B}.Release|Any CPU.Build.0 = Release|Any CPU
		{4607F1ED-BE60-4377-B642-958175626BA4}.Debug|Any CPU.ActiveCfg = Debug|Any CPU
		{4607F1ED-BE60-4377-B642-958175626BA4}.Debug|Any CPU.Build.0 = Debug|Any CPU
		{4607F1ED-BE60-4377-B642-958175626BA4}.Release|Any CPU.ActiveCfg = Release|Any CPU
		{4607F1ED-BE60-4377-B642-958175626BA4}.Release|Any CPU.Build.0 = Release|Any CPU
	EndGlobalSection
	GlobalSection(SolutionProperties) = preSolution
		HideSolutionNode = FALSE
	EndGlobalSection
	GlobalSection(ExtensibilityGlobals) = postSolution
		SolutionGuid = {A97568BF-2BA6-4B0A-AF2F-D02835FFD346}
	EndGlobalSection
EndGlobal
